
Microsoft Visual Studio Solution File, Format Version 12.00
# Visual Studio 15
VisualStudioVersion = 15.0.27703.2026
MinimumVisualStudioVersion = 10.0.40219.1
Project("{FAE04EC0-301F-11D3-BF4B-00C04F79EFBC}") = "Sqlconexcion", "Sqlconexcion\Sqlconexcion.csproj", "{D6E2E053-2B02-4265-8D92-1E59B7286862}"
EndProject
Global
	GlobalSection(SolutionConfigurationPlatforms) = preSolution
		Debug|Any CPU = Debug|Any CPU
		Release|Any CPU = Release|Any CPU
	EndGlobalSection
	GlobalSection(ProjectConfigurationPlatforms) = postSolution
		{D6E2E053-2B02-4265-8D92-1E59B7286862}.Debug|Any CPU.ActiveCfg = Debug|Any CPU
		{D6E2E053-2B02-4265-8D92-1E59B7286862}.Debug|Any CPU.Build.0 = Debug|Any CPU
		{D6E2E053-2B02-4265-8D92-1E59B7286862}.Release|Any CPU.ActiveCfg = Release|Any CPU
		{D6E2E053-2B02-4265-8D92-1E59B7286862}.Release|Any CPU.Build.0 = Release|Any CPU
	EndGlobalSection
	GlobalSection(SolutionProperties) = preSolution
		HideSolutionNode = FALSE
	EndGlobalSection
	GlobalSection(ExtensibilityGlobals) = postSolution
		SolutionGuid = {3AB8BF41-B213-4946-8900-31602B2BF8EB}
	EndGlobalSection
EndGlobal
